
Microsoft Visual Studio Solution File, Format Version 12.00
# Visual Studio Version 17
VisualStudioVersion = 17.10.35004.147
MinimumVisualStudioVersion = 10.0.40219.1
Project("{9A19103F-16F7-4668-BE54-9A1E7A4F7556}") = "Day5", "Day4\Day5.csproj", "{F2C2BEEE-444E-43E6-9209-CAB5D8695954}"
EndProject
Global
	GlobalSection(SolutionConfigurationPlatforms) = preSolution
		Debug|Any CPU = Debug|Any CPU
		Release|Any CPU = Release|Any CPU
	EndGlobalSection
	GlobalSection(ProjectConfigurationPlatforms) = postSolution
		{F2C2BEEE-444E-43E6-9209-CAB5D8695954}.Debug|Any CPU.ActiveCfg = Debug|Any CPU
		{F2C2BEEE-444E-43E6-9209-CAB5D8695954}.Debug|Any CPU.Build.0 = Debug|Any CPU
		{F2C2BEEE-444E-43E6-9209-CAB5D8695954}.Release|Any CPU.ActiveCfg = Release|Any CPU
		{F2C2BEEE-444E-43E6-9209-CAB5D8695954}.Release|Any CPU.Build.0 = Release|Any CPU
	EndGlobalSection
	GlobalSection(SolutionProperties) = preSolution
		HideSolutionNode = FALSE
	EndGlobalSection
	GlobalSection(ExtensibilityGlobals) = postSolution
		SolutionGuid = {40C10898-2306-4475-84BD-A5C0BC2D402A}
	EndGlobalSection
EndGlobal
